// !$*UTF8*$!
{
	archiveVersion = 1;
	classes = {
	};
	objectVersion = 46;
	objects = {

/* Begin PBXBuildFile section */
		882773C21D3E418A00F40F87 /* AppDelegate.swift in Sources */ = {isa = PBXBuildFile; fileRef = 882773C11D3E418A00F40F87 /* AppDelegate.swift */; };
		882773C41D3E418A00F40F87 /* ViewController.swift in Sources */ = {isa = PBXBuildFile; fileRef = 882773C31D3E418A00F40F87 /* ViewController.swift */; };
		882773C71D3E418A00F40F87 /* Main.storyboard in Resources */ = {isa = PBXBuildFile; fileRef = 882773C51D3E418A00F40F87 /* Main.storyboard */; };
		882773C91D3E418A00F40F87 /* Assets.xcassets in Resources */ = {isa = PBXBuildFile; fileRef = 882773C81D3E418A00F40F87 /* Assets.xcassets */; };
		882773CC1D3E418A00F40F87 /* LaunchScreen.storyboard in Resources */ = {isa = PBXBuildFile; fileRef = 882773CA1D3E418A00F40F87 /* LaunchScreen.storyboard */; };
/* End PBXBuildFile section */

/* Begin PBXFileReference section */
		882773BE1D3E418A00F40F87 /* Age of Laika Challenge.app */ = {isa = PBXFileReference; explicitFileType = wrapper.application; includeInIndex = 0; path = "Age of Laika Challenge.app"; sourceTree = BUILT_PRODUCTS_DIR; };
		882773C11D3E418A00F40F87 /* AppDelegate.swift */ = {isa = PBXFileReference; lastKnownFileType = sourcecode.swift; path = AppDelegate.swift; sourceTree = "<group>"; };
		882773C31D3E418A00F40F87 /* ViewController.swift */ = {isa = PBXFileReference; lastKnownFileType = sourcecode.swift; path = ViewController.swift; sourceTree = "<group>"; };
		882773C61D3E418A00F40F87 /* Base */ = {isa = PBXFileReference; lastKnownFileType = file.storyboard; name = Base; path = Base.lproj/Main.storyboard; sourceTree = "<group>"; };
		882773C81D3E418A00F40F87 /* Assets.xcassets */ = {isa = PBXFileReference; lastKnownFileType = folder.assetcatalog; path = Assets.xcassets; sourceTree = "<group>"; };
		882773CB1D3E418A00F40F87 /* Base */ = {isa = PBXFileReference; lastKnownFileType = file.storyboard; name = Base; path = Base.lproj/LaunchScreen.storyboard; sourceTree = "<group>"; };
		882773CD1D3E418A00F40F87 /* Info.plist */ = {isa = PBXFileReference; lastKnownFileType = text.plist.xml; path = Info.plist; sourceTree = "<group>"; };
/* End PBXFileReference section */

/* Begin PBXFrameworksBuildPhase section */
		882773BB1D3E418A00F40F87 /* Frameworks */ = {
			isa = PBXFrameworksBuildPhase;
			buildActionMask = 2147483647;
			files = (
			);
			runOnlyForDeploymentPostprocessing = 0;
		};
/* End PBXFrameworksBuildPhase section */

/* Begin PBXGroup section */
		882773B51D3E418A00F40F87 = {
			isa = PBXGroup;
			children = (
				882773C01D3E418A00F40F87 /* Age of Laika Challenge */,
				882773BF1D3E418A00F40F87 /* Products */,
			);
			sourceTree = "<group>";
		};
		882773BF1D3E418A00F40F87 /* Products */ = {
			isa = PBXGroup;
			children = (
				882773BE1D3E418A00F40F87 /* Age of Laika Challenge.app */,
			);
			name = Products;
			sourceTree = "<group>";
		};
		882773C01D3E418A00F40F87 /* Age of Laika Challenge */ = {
			isa = PBXGroup;
			children = (
				882773C11D3E418A00F40F87 /* AppDelegate.swift */,
				882773C31D3E418A00F40F87 /* ViewController.swift */,
				882773C51D3E418A00F40F87 /* Main.storyboard */,
				882773C81D3E418A00F40F87 /* Assets.xcassets */,
				882773CA1D3E418A00F40F87 /* LaunchScreen.storyboard */,
				882773CD1D3E418A00F40F87 /* Info.plist */,
			);
			path = "Age of Laika Challenge";
			sourceTree = "<group>";
		};
/* End PBXGroup section */

/* Begin PBXNativeTarget section */
		882773BD1D3E418A00F40F87 /* Age of Laika Challenge */ = {
			isa = PBXNativeTarget;
			buildConfigurationList = 882773D01D3E418A00F40F87 /* Build configuration list for PBXNativeTarget "Age of Laika Challenge" */;
			buildPhases = (
				882773BA1D3E418A00F40F87 /* Sources */,
				882773BB1D3E418A00F40F87 /* Frameworks */,
				882773BC1D3E418A00F40F87 /* Resources */,
			);
			buildRules = (
			);
			dependencies = (
			);
			name = "Age of Laika Challenge";
			productName = "Age of Laika Challenge";
			productReference = 882773BE1D3E418A00F40F87 /* Age of Laika Challenge.app */;
			productType = "com.apple.product-type.application";
		};
/* End PBXNativeTarget section */

/* Begin PBXProject section */
		882773B61D3E418A00F40F87 /* Project object */ = {
			isa = PBXProject;
			attributes = {
				LastSwiftUpdateCheck = 0730;
				LastUpgradeCheck = 0730;
				ORGANIZATIONNAME = "Maciej Sugajski";
				TargetAttributes = {
					882773BD1D3E418A00F40F87 = {
						CreatedOnToolsVersion = 7.3.1;
					};
				};
			};
			buildConfigurationList = 882773B91D3E418A00F40F87 /* Build configuration list for PBXProject "Age of Laika Challenge" */;
			compatibilityVersion = "Xcode 3.2";
			developmentRegion = English;
			hasScannedForEncodings = 0;
			knownRegions = (
				en,
				Base,
			);
			mainGroup = 882773B51D3E418A00F40F87;
			productRefGroup = 882773BF1D3E418A00F40F87 /* Products */;
			projectDirPath = "";
			projectRoot = "";
			targets = (
				882773BD1D3E418A00F40F87 /* Age of Laika Challenge */,
			);
		};
/* End PBXProject section */

/* Begin PBXResourcesBuildPhase section */
		882773BC1D3E418A00F40F87 /* Resources */ = {
			isa = PBXResourcesBuildPhase;
			buildActionMask = 2147483647;
			files = (
				882773CC1D3E418A00F40F87 /* LaunchScreen.storyboard in Resources */,
				882773C91D3E418A00F40F87 /* Assets.xcassets in Resources */,
				882773C71D3E418A00F40F87 /* Main.storyboard in Resources */,
			);
			runOnlyForDeploymentPostprocessing = 0;
		};
/* End PBXResourcesBuildPhase section */

/* Begin PBXSourcesBuildPhase section */
		882773BA1D3E418A00F40F87 /* Sources */ = {
			isa = PBXSourcesBuildPhase;
			buildActionMask = 2147483647;
			files = (
				882773C41D3E418A00F40F87 /* ViewController.swift in Sources */,
				882773C21D3E418A00F40F87 /* AppDelegate.swift in Sources */,
			);
			runOnlyForDeploymentPostprocessing = 0;
		};
/* End PBXSourcesBuildPhase section */

/* Begin PBXVariantGroup section */
		882773C51D3E418A00F40F87 /* Main.storyboard */ = {
			isa = PBXVariantGroup;
			children = (
				882773C61D3E418A00F40F87 /* Base */,
			);
			name = Main.storyboard;
			sourceTree = "<group>";
		};
		882773CA1D3E418A00F40F87 /* LaunchScreen.storyboard */ = {
			isa = PBXVariantGroup;
			children = (
				882773CB1D3E418A00F40F87 /* Base */,
			);
			name = LaunchScreen.storyboard;
			sourceTree = "<group>";
		};
/* End PBXVariantGroup section */

/* Begin XCBuildConfiguration section */
		882773CE1D3E418A00F40F87 /* Debug */ = {
			isa = XCBuildConfiguration;
			buildSettings = {
				ALWAYS_SEARCH_USER_PATHS = NO;
				CLANG_ANALYZER_NONNULL = YES;
				CLANG_CXX_LANGUAGE_STANDARD = "gnu++0x";
				CLANG_CXX_LIBRARY = "libc++";
				CLANG_ENABLE_MODULES = YES;
				CLANG_ENABLE_OBJC_ARC = YES;
				CLANG_WARN_BOOL_CONVERSION = YES;
				CLANG_WARN_CONSTANT_CONVERSION = YES;
				CLANG_WARN_DIRECT_OBJC_ISA_USAGE = YES_ERROR;
				CLANG_WARN_EMPTY_BODY = YES;
				CLANG_WARN_ENUM_CONVERSION = YES;
				CLANG_WARN_INT_CONVERSION = YES;
				CLANG_WARN_OBJC_ROOT_CLASS = YES_ERROR;
				CLANG_WARN_UNREACHABLE_CODE = YES;
				CLANG_WARN__DUPLICATE_METHOD_MATCH = YES;
				"CODE_SIGN_IDENTITY[sdk=iphoneos*]" = "iPhone Developer";
				COPY_PHASE_STRIP = NO;
				DEBUG_INFORMATION_FORMAT = dwarf;
				ENABLE_STRICT_OBJC_MSGSEND = YES;
				ENABLE_TESTABILITY = YES;
				GCC_C_LANGUAGE_STANDARD = gnu99;
				GCC_DYNAMIC_NO_PIC = NO;
				GCC_NO_COMMON_BLOCKS = YES;
				GCC_OPTIMIZATION_LEVEL = 0;
				GCC_PREPROCESSOR_DEFINITIONS = (
					"DEBUG=1",
					"$(inherited)",
				);
				GCC_WARN_64_TO_32_BIT_CONVERSION = YES;
				GCC_WARN_ABOUT_RETURN_TYPE = YES_ERROR;
				GCC_WARN_UNDECLARED_SELECTOR = YES;
				GCC_WARN_UNINITIALIZED_AUTOS = YES_AGGRESSIVE;
				GCC_WARN_UNUSED_FUNCTION = YES;
				GCC_WARN_UNUSED_VARIABLE = YES;
				IPHONEOS_DEPLOYMENT_TARGET = 9.3;
				MTL_ENABLE_DEBUG_INFO = YES;
				ONLY_ACTIVE_ARCH = YES;
				SDKROOT = iphoneos;
				SWIFT_OPTIMIZATION_LEVEL = "-Onone";
				TARGETED_DEVICE_FAMILY = "1,2";
			};
			name = Debug;
		};
		882773CF1D3E418A00F40F87 /* Release */ = {
			isa = XCBuildConfiguration;
			buildSettings = {
				ALWAYS_SEARCH_USER_PATHS = NO;
				CLANG_ANALYZER_NONNULL = YES;
				CLANG_CXX_LANGUAGE_STANDARD = "gnu++0x";
				CLANG_CXX_LIBRARY = "libc++";
				CLANG_ENABLE_MODULES = YES;
				CLANG_ENABLE_OBJC_ARC = YES;
				CLANG_WARN_BOOL_CONVERSION = YES;
				CLANG_WARN_CONSTANT_CONVERSION = YES;
				CLANG_WARN_DIRECT_OBJC_ISA_USAGE = YES_ERROR;
				CLANG_WARN_EMPTY_BODY = YES;
				CLANG_WARN_ENUM_CONVERSION = YES;
				CLANG_WARN_INT_CONVERSION = YES;
				CLANG_WARN_OBJC_ROOT_CLASS = YES_ERROR;
				CLANG_WARN_UNREACHABLE_CODE = YES;
				CLANG_WARN__DUPLICATE_METHOD_MATCH = YES;
				"CODE_SIGN_IDENTITY[sdk=iphoneos*]" = "iPhone Developer";
				COPY_PHASE_STRIP = NO;
				DEBUG_INFORMATION_FORMAT = "dwarf-with-dsym";
				ENABLE_NS_ASSERTIONS = NO;
				ENABLE_STRICT_OBJC_MSGSEND = YES;
				GCC_C_LANGUAGE_STANDARD = gnu99;
				GCC_NO_COMMON_BLOCKS = YES;
				GCC_WARN_64_TO_32_BIT_CONVERSION = YES;
				GCC_WARN_ABOUT_RETURN_TYPE = YES_ERROR;
				GCC_WARN_UNDECLARED_SELECTOR = YES;
				GCC_WARN_UNINITIALIZED_AUTOS = YES_AGGRESSIVE;
				GCC_WARN_UNUSED_FUNCTION = YES;
				GCC_WARN_UNUSED_VARIABLE = YES;
				IPHONEOS_DEPLOYMENT_TARGET = 9.3;
				MTL_ENABLE_DEBUG_INFO = NO;
				SDKROOT = iphoneos;
				TARGETED_DEVICE_FAMILY = "1,2";
				VALIDATE_PRODUCT = YES;
			};
			name = Release;
		};
		882773D11D3E418A00F40F87 /* Debug */ = {
			isa = XCBuildConfiguration;
			buildSettings = {
				ASSETCATALOG_COMPILER_APPICON_NAME = AppIcon;
				INFOPLIST_FILE = "Age of Laika Challenge/Info.plist";
				LD_RUNPATH_SEARCH_PATHS = "$(inherited) @executable_path/Frameworks";
				PRODUCT_BUNDLE_IDENTIFIER = "com.maciejsugajski.Age-of-Laika-Challenge";
				PRODUCT_NAME = "$(TARGET_NAME)";
			};
			name = Debug;
		};
		882773D21D3E418A00F40F87 /* Release */ = {
			isa = XCBuildConfiguration;
			buildSettings = {
				ASSETCATALOG_COMPILER_APPICON_NAME = AppIcon;
				INFOPLIST_FILE = "Age of Laika Challenge/Info.plist";
				LD_RUNPATH_SEARCH_PATHS = "$(inherited) @executable_path/Frameworks";
				PRODUCT_BUNDLE_IDENTIFIER = "com.maciejsugajski.Age-of-Laika-Challenge";
				PRODUCT_NAME = "$(TARGET_NAME)";
			};
			name = Release;
		};
/* End XCBuildConfiguration section */

/* Begin XCConfigurationList section */
		882773B91D3E418A00F40F87 /* Build configuration list for PBXProject "Age of Laika Challenge" */ = {
			isa = XCConfigurationList;
			buildConfigurations = (
				882773CE1D3E418A00F40F87 /* Debug */,
				882773CF1D3E418A00F40F87 /* Release */,
			);
			defaultConfigurationIsVisible = 0;
			defaultConfigurationName = Release;
		};
		882773D01D3E418A00F40F87 /* Build configuration list for PBXNativeTarget "Age of Laika Challenge" */ = {
			isa = XCConfigurationList;
			buildConfigurations = (
				882773D11D3E418A00F40F87 /* Debug */,
				882773D21D3E418A00F40F87 /* Release */,
			);
			defaultConfigurationIsVisible = 0;
		};
/* End XCConfigurationList section */
	};
	rootObject = 882773B61D3E418A00F40F87 /* Project object */;
}
